
Microsoft Visual Studio Solution File, Format Version 12.00
# Visual Studio Version 17
VisualStudioVersion = 17.0.31919.166
MinimumVisualStudioVersion = 10.0.40219.1
Project("{FAE04EC0-301F-11D3-BF4B-00C04F79EFBC}") = "BacNet_ClassLibrary", "BacNet_ClassLibrary\BacNet_ClassLibrary.csproj", "{F42CBF6E-982E-4ABA-9FC7-0DEA5413F648}"
EndProject
Global
	GlobalSection(SolutionConfigurationPlatforms) = preSolution
		Debug|Any CPU = Debug|Any CPU
		Release|Any CPU = Release|Any CPU
	EndGlobalSection
	GlobalSection(ProjectConfigurationPlatforms) = postSolution
		{F42CBF6E-982E-4ABA-9FC7-0DEA5413F648}.Debug|Any CPU.ActiveCfg = Debug|Any CPU
		{F42CBF6E-982E-4ABA-9FC7-0DEA5413F648}.Debug|Any CPU.Build.0 = Debug|Any CPU
		{F42CBF6E-982E-4ABA-9FC7-0DEA5413F648}.Release|Any CPU.ActiveCfg = Release|Any CPU
		{F42CBF6E-982E-4ABA-9FC7-0DEA5413F648}.Release|Any CPU.Build.0 = Release|Any CPU
	EndGlobalSection
	GlobalSection(SolutionProperties) = preSolution
		HideSolutionNode = FALSE
	EndGlobalSection
	GlobalSection(ExtensibilityGlobals) = postSolution
		SolutionGuid = {F2295424-8D7D-46E0-AB83-72D9E301D852}
	EndGlobalSection
EndGlobal
